// !$*UTF8*$!
{
	archiveVersion = 1;
	classes = {
	};
	objectVersion = 46;
	objects = {

/* Begin PBXBuildFile section */
		12653C8D1BC89C72000A5A73 /* main.m in Sources */ = {isa = PBXBuildFile; fileRef = 12653C8C1BC89C72000A5A73 /* main.m */; };
		12653C901BC89C72000A5A73 /* AppDelegate.m in Sources */ = {isa = PBXBuildFile; fileRef = 12653C8F1BC89C72000A5A73 /* AppDelegate.m */; };
		12653C931BC89C72000A5A73 /* ViewController.m in Sources */ = {isa = PBXBuildFile; fileRef = 12653C921BC89C72000A5A73 /* ViewController.m */; };
		12653C961BC89C72000A5A73 /* Main.storyboard in Resources */ = {isa = PBXBuildFile; fileRef = 12653C941BC89C72000A5A73 /* Main.storyboard */; };
		12653C981BC89C72000A5A73 /* Assets.xcassets in Resources */ = {isa = PBXBuildFile; fileRef = 12653C971BC89C72000A5A73 /* Assets.xcassets */; };
		12653C9B1BC89C72000A5A73 /* LaunchScreen.storyboard in Resources */ = {isa = PBXBuildFile; fileRef = 12653C991BC89C72000A5A73 /* LaunchScreen.storyboard */; };
		12653CA41BC89C8F000A5A73 /* BaseCopyObject.m in Sources */ = {isa = PBXBuildFile; fileRef = 12653CA31BC89C8F000A5A73 /* BaseCopyObject.m */; settings = {ASSET_TAGS = (); }; };
		12653CA71BC89D8C000A5A73 /* Person.m in Sources */ = {isa = PBXBuildFile; fileRef = 12653CA61BC89D8C000A5A73 /* Person.m */; settings = {ASSET_TAGS = (); }; };
		12653CAA1BC89D98000A5A73 /* Model.m in Sources */ = {isa = PBXBuildFile; fileRef = 12653CA91BC89D98000A5A73 /* Model.m */; settings = {ASSET_TAGS = (); }; };
/* End PBXBuildFile section */

/* Begin PBXFileReference section */
		12653C881BC89C72000A5A73 /* PrototypePatternSample.app */ = {isa = PBXFileReference; explicitFileType = wrapper.application; includeInIndex = 0; path = PrototypePatternSample.app; sourceTree = BUILT_PRODUCTS_DIR; };
		12653C8C1BC89C72000A5A73 /* main.m */ = {isa = PBXFileReference; lastKnownFileType = sourcecode.c.objc; path = main.m; sourceTree = "<group>"; };
		12653C8E1BC89C72000A5A73 /* AppDelegate.h */ = {isa = PBXFileReference; lastKnownFileType = sourcecode.c.h; path = AppDelegate.h; sourceTree = "<group>"; };
		12653C8F1BC89C72000A5A73 /* AppDelegate.m */ = {isa = PBXFileReference; lastKnownFileType = sourcecode.c.objc; path = AppDelegate.m; sourceTree = "<group>"; };
		12653C911BC89C72000A5A73 /* ViewController.h */ = {isa = PBXFileReference; lastKnownFileType = sourcecode.c.h; path = ViewController.h; sourceTree = "<group>"; };
		12653C921BC89C72000A5A73 /* ViewController.m */ = {isa = PBXFileReference; lastKnownFileType = sourcecode.c.objc; path = ViewController.m; sourceTree = "<group>"; };
		12653C951BC89C72000A5A73 /* Base */ = {isa = PBXFileReference; lastKnownFileType = file.storyboard; name = Base; path = Base.lproj/Main.storyboard; sourceTree = "<group>"; };
		12653C971BC89C72000A5A73 /* Assets.xcassets */ = {isa = PBXFileReference; lastKnownFileType = folder.assetcatalog; path = Assets.xcassets; sourceTree = "<group>"; };
		12653C9A1BC89C72000A5A73 /* Base */ = {isa = PBXFileReference; lastKnownFileType = file.storyboard; name = Base; path = Base.lproj/LaunchScreen.storyboard; sourceTree = "<group>"; };
		12653C9C1BC89C72000A5A73 /* Info.plist */ = {isa = PBXFileReference; lastKnownFileType = text.plist.xml; path = Info.plist; sourceTree = "<group>"; };
		12653CA21BC89C8F000A5A73 /* BaseCopyObject.h */ = {isa = PBXFileReference; fileEncoding = 4; lastKnownFileType = sourcecode.c.h; path = BaseCopyObject.h; sourceTree = "<group>"; };
		12653CA31BC89C8F000A5A73 /* BaseCopyObject.m */ = {isa = PBXFileReference; fileEncoding = 4; lastKnownFileType = sourcecode.c.objc; path = BaseCopyObject.m; sourceTree = "<group>"; };
		12653CA51BC89D8C000A5A73 /* Person.h */ = {isa = PBXFileReference; fileEncoding = 4; lastKnownFileType = sourcecode.c.h; path = Person.h; sourceTree = "<group>"; };
		12653CA61BC89D8C000A5A73 /* Person.m */ = {isa = PBXFileReference; fileEncoding = 4; lastKnownFileType = sourcecode.c.objc; path = Person.m; sourceTree = "<group>"; };
		12653CA81BC89D98000A5A73 /* Model.h */ = {isa = PBXFileReference; fileEncoding = 4; lastKnownFileType = sourcecode.c.h; path = Model.h; sourceTree = "<group>"; };
		12653CA91BC89D98000A5A73 /* Model.m */ = {isa = PBXFileReference; fileEncoding = 4; lastKnownFileType = sourcecode.c.objc; path = Model.m; sourceTree = "<group>"; };
/* End PBXFileReference section */

/* Begin PBXFrameworksBuildPhase section */
		12653C851BC89C72000A5A73 /* Frameworks */ = {
			isa = PBXFrameworksBuildPhase;
			buildActionMask = 2147483647;
			files = (
			);
			runOnlyForDeploymentPostprocessing = 0;
		};
/* End PBXFrameworksBuildPhase section */

/* Begin PBXGroup section */
		12653C7F1BC89C72000A5A73 = {
			isa = PBXGroup;
			children = (
				12653C8A1BC89C72000A5A73 /* PrototypePatternSample */,
				12653C891BC89C72000A5A73 /* Products */,
			);
			sourceTree = "<group>";
		};
		12653C891BC89C72000A5A73 /* Products */ = {
			isa = PBXGroup;
			children = (
				12653C881BC89C72000A5A73 /* PrototypePatternSample.app */,
			);
			name = Products;
			sourceTree = "<group>";
		};
		12653C8A1BC89C72000A5A73 /* PrototypePatternSample */ = {
			isa = PBXGroup;
			children = (
				12653C8E1BC89C72000A5A73 /* AppDelegate.h */,
				12653C8F1BC89C72000A5A73 /* AppDelegate.m */,
				12653C911BC89C72000A5A73 /* ViewController.h */,
				12653C921BC89C72000A5A73 /* ViewController.m */,
				12653CA21BC89C8F000A5A73 /* BaseCopyObject.h */,
				12653CA31BC89C8F000A5A73 /* BaseCopyObject.m */,
				12653CA51BC89D8C000A5A73 /* Person.h */,
				12653CA61BC89D8C000A5A73 /* Person.m */,
				12653CA81BC89D98000A5A73 /* Model.h */,
				12653CA91BC89D98000A5A73 /* Model.m */,
				12653C941BC89C72000A5A73 /* Main.storyboard */,
				12653C971BC89C72000A5A73 /* Assets.xcassets */,
				12653C991BC89C72000A5A73 /* LaunchScreen.storyboard */,
				12653C9C1BC89C72000A5A73 /* Info.plist */,
				12653C8B1BC89C72000A5A73 /* Supporting Files */,
			);
			path = PrototypePatternSample;
			sourceTree = "<group>";
		};
		12653C8B1BC89C72000A5A73 /* Supporting Files */ = {
			isa = PBXGroup;
			children = (
				12653C8C1BC89C72000A5A73 /* main.m */,
			);
			name = "Supporting Files";
			sourceTree = "<group>";
		};
/* End PBXGroup section */

/* Begin PBXNativeTarget section */
		12653C871BC89C72000A5A73 /* PrototypePatternSample */ = {
			isa = PBXNativeTarget;
			buildConfigurationList = 12653C9F1BC89C72000A5A73 /* Build configuration list for PBXNativeTarget "PrototypePatternSample" */;
			buildPhases = (
				12653C841BC89C72000A5A73 /* Sources */,
				12653C851BC89C72000A5A73 /* Frameworks */,
				12653C861BC89C72000A5A73 /* Resources */,
			);
			buildRules = (
			);
			dependencies = (
			);
			name = PrototypePatternSample;
			productName = PrototypePatternSample;
			productReference = 12653C881BC89C72000A5A73 /* PrototypePatternSample.app */;
			productType = "com.apple.product-type.application";
		};
/* End PBXNativeTarget section */

/* Begin PBXProject section */
		12653C801BC89C72000A5A73 /* Project object */ = {
			isa = PBXProject;
			attributes = {
				LastUpgradeCheck = 0700;
				ORGANIZATIONNAME = lance;
				TargetAttributes = {
					12653C871BC89C72000A5A73 = {
						CreatedOnToolsVersion = 7.0;
					};
				};
			};
			buildConfigurationList = 12653C831BC89C72000A5A73 /* Build configuration list for PBXProject "PrototypePatternSample" */;
			compatibilityVersion = "Xcode 3.2";
			developmentRegion = English;
			hasScannedForEncodings = 0;
			knownRegions = (
				en,
				Base,
			);
			mainGroup = 12653C7F1BC89C72000A5A73;
			productRefGroup = 12653C891BC89C72000A5A73 /* Products */;
			projectDirPath = "";
			projectRoot = "";
			targets = (
				12653C871BC89C72000A5A73 /* PrototypePatternSample */,
			);
		};
/* End PBXProject section */

/* Begin PBXResourcesBuildPhase section */
		12653C861BC89C72000A5A73 /* Resources */ = {
			isa = PBXResourcesBuildPhase;
			buildActionMask = 2147483647;
			files = (
				12653C9B1BC89C72000A5A73 /* LaunchScreen.storyboard in Resources */,
				12653C981BC89C72000A5A73 /* Assets.xcassets in Resources */,
				12653C961BC89C72000A5A73 /* Main.storyboard in Resources */,
			);
			runOnlyForDeploymentPostprocessing = 0;
		};
/* End PBXResourcesBuildPhase section */

/* Begin PBXSourcesBuildPhase section */
		12653C841BC89C72000A5A73 /* Sources */ = {
			isa = PBXSourcesBuildPhase;
			buildActionMask = 2147483647;
			files = (
				12653CA41BC89C8F000A5A73 /* BaseCopyObject.m in Sources */,
				12653C931BC89C72000A5A73 /* ViewController.m in Sources */,
				12653CA71BC89D8C000A5A73 /* Person.m in Sources */,
				12653CAA1BC89D98000A5A73 /* Model.m in Sources */,
				12653C901BC89C72000A5A73 /* AppDelegate.m in Sources */,
				12653C8D1BC89C72000A5A73 /* main.m in Sources */,
			);
			runOnlyForDeploymentPostprocessing = 0;
		};
/* End PBXSourcesBuildPhase section */

/* Begin PBXVariantGroup section */
		12653C941BC89C72000A5A73 /* Main.storyboard */ = {
			isa = PBXVariantGroup;
			children = (
				12653C951BC89C72000A5A73 /* Base */,
			);
			name = Main.storyboard;
			sourceTree = "<group>";
		};
		12653C991BC89C72000A5A73 /* LaunchScreen.storyboard */ = {
			isa = PBXVariantGroup;
			children = (
				12653C9A1BC89C72000A5A73 /* Base */,
			);
			name = LaunchScreen.storyboard;
			sourceTree = "<group>";
		};
/* End PBXVariantGroup section */

/* Begin XCBuildConfiguration section */
		12653C9D1BC89C72000A5A73 /* Debug */ = {
			isa = XCBuildConfiguration;
			buildSettings = {
				ALWAYS_SEARCH_USER_PATHS = NO;
				CLANG_CXX_LANGUAGE_STANDARD = "gnu++0x";
				CLANG_CXX_LIBRARY = "libc++";
				CLANG_ENABLE_MODULES = YES;
				CLANG_ENABLE_OBJC_ARC = YES;
				CLANG_WARN_BOOL_CONVERSION = YES;
				CLANG_WARN_CONSTANT_CONVERSION = YES;
				CLANG_WARN_DIRECT_OBJC_ISA_USAGE = YES_ERROR;
				CLANG_WARN_EMPTY_BODY = YES;
				CLANG_WARN_ENUM_CONVERSION = YES;
				CLANG_WARN_INT_CONVERSION = YES;
				CLANG_WARN_OBJC_ROOT_CLASS = YES_ERROR;
				CLANG_WARN_UNREACHABLE_CODE = YES;
				CLANG_WARN__DUPLICATE_METHOD_MATCH = YES;
				"CODE_SIGN_IDENTITY[sdk=iphoneos*]" = "iPhone Developer";
				COPY_PHASE_STRIP = NO;
				DEBUG_INFORMATION_FORMAT = dwarf;
				ENABLE_STRICT_OBJC_MSGSEND = YES;
				ENABLE_TESTABILITY = YES;
				GCC_C_LANGUAGE_STANDARD = gnu99;
				GCC_DYNAMIC_NO_PIC = NO;
				GCC_NO_COMMON_BLOCKS = YES;
				GCC_OPTIMIZATION_LEVEL = 0;
				GCC_PREPROCESSOR_DEFINITIONS = (
					"DEBUG=1",
					"$(inherited)",
				);
				GCC_WARN_64_TO_32_BIT_CONVERSION = YES;
				GCC_WARN_ABOUT_RETURN_TYPE = YES_ERROR;
				GCC_WARN_UNDECLARED_SELECTOR = YES;
				GCC_WARN_UNINITIALIZED_AUTOS = YES_AGGRESSIVE;
				GCC_WARN_UNUSED_FUNCTION = YES;
				GCC_WARN_UNUSED_VARIABLE = YES;
				IPHONEOS_DEPLOYMENT_TARGET = 9.0;
				MTL_ENABLE_DEBUG_INFO = YES;
				ONLY_ACTIVE_ARCH = YES;
				SDKROOT = iphoneos;
				TARGETED_DEVICE_FAMILY = "1,2";
			};
			name = Debug;
		};
		12653C9E1BC89C72000A5A73 /* Release */ = {
			isa = XCBuildConfiguration;
			buildSettings = {
				ALWAYS_SEARCH_USER_PATHS = NO;
				CLANG_CXX_LANGUAGE_STANDARD = "gnu++0x";
				CLANG_CXX_LIBRARY = "libc++";
				CLANG_ENABLE_MODULES = YES;
				CLANG_ENABLE_OBJC_ARC = YES;
				CLANG_WARN_BOOL_CONVERSION = YES;
				CLANG_WARN_CONSTANT_CONVERSION = YES;
				CLANG_WARN_DIRECT_OBJC_ISA_USAGE = YES_ERROR;
				CLANG_WARN_EMPTY_BODY = YES;
				CLANG_WARN_ENUM_CONVERSION = YES;
				CLANG_WARN_INT_CONVERSION = YES;
				CLANG_WARN_OBJC_ROOT_CLASS = YES_ERROR;
				CLANG_WARN_UNREACHABLE_CODE = YES;
				CLANG_WARN__DUPLICATE_METHOD_MATCH = YES;
				"CODE_SIGN_IDENTITY[sdk=iphoneos*]" = "iPhone Developer";
				COPY_PHASE_STRIP = NO;
				DEBUG_INFORMATION_FORMAT = "dwarf-with-dsym";
				ENABLE_NS_ASSERTIONS = NO;
				ENABLE_STRICT_OBJC_MSGSEND = YES;
				GCC_C_LANGUAGE_STANDARD = gnu99;
				GCC_NO_COMMON_BLOCKS = YES;
				GCC_WARN_64_TO_32_BIT_CONVERSION = YES;
				GCC_WARN_ABOUT_RETURN_TYPE = YES_ERROR;
				GCC_WARN_UNDECLARED_SELECTOR = YES;
				GCC_WARN_UNINITIALIZED_AUTOS = YES_AGGRESSIVE;
				GCC_WARN_UNUSED_FUNCTION = YES;
				GCC_WARN_UNUSED_VARIABLE = YES;
				IPHONEOS_DEPLOYMENT_TARGET = 9.0;
				MTL_ENABLE_DEBUG_INFO = NO;
				SDKROOT = iphoneos;
				TARGETED_DEVICE_FAMILY = "1,2";
				VALIDATE_PRODUCT = YES;
			};
			name = Release;
		};
		12653CA01BC89C72000A5A73 /* Debug */ = {
			isa = XCBuildConfiguration;
			buildSettings = {
				ASSETCATALOG_COMPILER_APPICON_NAME = AppIcon;
				INFOPLIST_FILE = PrototypePatternSample/Info.plist;
				LD_RUNPATH_SEARCH_PATHS = "$(inherited) @executable_path/Frameworks";
				PRODUCT_BUNDLE_IDENTIFIER = com.lance.PrototypePatternSample;
				PRODUCT_NAME = "$(TARGET_NAME)";
			};
			name = Debug;
		};
		12653CA11BC89C72000A5A73 /* Release */ = {
			isa = XCBuildConfiguration;
			buildSettings = {
				ASSETCATALOG_COMPILER_APPICON_NAME = AppIcon;
				INFOPLIST_FILE = PrototypePatternSample/Info.plist;
				LD_RUNPATH_SEARCH_PATHS = "$(inherited) @executable_path/Frameworks";
				PRODUCT_BUNDLE_IDENTIFIER = com.lance.PrototypePatternSample;
				PRODUCT_NAME = "$(TARGET_NAME)";
			};
			name = Release;
		};
/* End XCBuildConfiguration section */

/* Begin XCConfigurationList section */
		12653C831BC89C72000A5A73 /* Build configuration list for PBXProject "PrototypePatternSample" */ = {
			isa = XCConfigurationList;
			buildConfigurations = (
				12653C9D1BC89C72000A5A73 /* Debug */,
				12653C9E1BC89C72000A5A73 /* Release */,
			);
			defaultConfigurationIsVisible = 0;
			defaultConfigurationName = Release;
		};
		12653C9F1BC89C72000A5A73 /* Build configuration list for PBXNativeTarget "PrototypePatternSample" */ = {
			isa = XCConfigurationList;
			buildConfigurations = (
				12653CA01BC89C72000A5A73 /* Debug */,
				12653CA11BC89C72000A5A73 /* Release */,
			);
			defaultConfigurationIsVisible = 0;
		};
/* End XCConfigurationList section */
	};
	rootObject = 12653C801BC89C72000A5A73 /* Project object */;
}
